
Microsoft Visual Studio Solution File, Format Version 12.00
# Visual Studio Version 17
VisualStudioVersion = 17.9.34701.34
MinimumVisualStudioVersion = 10.0.40219.1
Project("{FAE04EC0-301F-11D3-BF4B-00C04F79EFBC}") = "Mission11_Flake", "Mission11_Flake.csproj", "{D28E4763-406D-4C49-A442-DF9B64DF6373}"
EndProject
Global
	GlobalSection(SolutionConfigurationPlatforms) = preSolution
		Debug|Any CPU = Debug|Any CPU
		Release|Any CPU = Release|Any CPU
	EndGlobalSection
	GlobalSection(ProjectConfigurationPlatforms) = postSolution
		{D28E4763-406D-4C49-A442-DF9B64DF6373}.Debug|Any CPU.ActiveCfg = Debug|Any CPU
		{D28E4763-406D-4C49-A442-DF9B64DF6373}.Debug|Any CPU.Build.0 = Debug|Any CPU
		{D28E4763-406D-4C49-A442-DF9B64DF6373}.Release|Any CPU.ActiveCfg = Release|Any CPU
		{D28E4763-406D-4C49-A442-DF9B64DF6373}.Release|Any CPU.Build.0 = Release|Any CPU
	EndGlobalSection
	GlobalSection(SolutionProperties) = preSolution
		HideSolutionNode = FALSE
	EndGlobalSection
	GlobalSection(ExtensibilityGlobals) = postSolution
		SolutionGuid = {D4CC4FF2-506A-45F1-B2D8-3CD38654DBB0}
	EndGlobalSection
EndGlobal
